// !$*UTF8*$!
{
	archiveVersion = 1;
	classes = {
	};
	objectVersion = 56;
	objects = {

/* Begin PBXBuildFile section */
		602A5B20299F6624004BFA4A /* EnumTest.swift in Sources */ = {isa = PBXBuildFile; fileRef = 602A5B1F299F6624004BFA4A /* EnumTest.swift */; };
		602A5B6D299F6BC0004BFA4A /* Session.swift in Sources */ = {isa = PBXBuildFile; fileRef = 602A5B69299F6BC0004BFA4A /* Session.swift */; };
		602A5B6E299F6BC0004BFA4A /* NetworkReachabilityManager.swift in Sources */ = {isa = PBXBuildFile; fileRef = 602A5B6A299F6BC0004BFA4A /* NetworkReachabilityManager.swift */; };
		602A5B6F299F6BC0004BFA4A /* Alamofire.swift in Sources */ = {isa = PBXBuildFile; fileRef = 602A5B6B299F6BC0004BFA4A /* Alamofire.swift */; };
		602A5B70299F6BC0004BFA4A /* HTTPMethod.swift in Sources */ = {isa = PBXBuildFile; fileRef = 602A5B6C299F6BC0004BFA4A /* HTTPMethod.swift */; };
		6061A35E299DD98A0089B271 /* TabbarController.swift in Sources */ = {isa = PBXBuildFile; fileRef = 6061A35D299DD98A0089B271 /* TabbarController.swift */; };
		6061A362299DD9DB0089B271 /* NavigationController.swift in Sources */ = {isa = PBXBuildFile; fileRef = 6061A361299DD9DB0089B271 /* NavigationController.swift */; };
		6061A365299DE00C0089B271 /* HomeViewController.swift in Sources */ = {isa = PBXBuildFile; fileRef = 6061A364299DE00C0089B271 /* HomeViewController.swift */; };
		6061A367299DE01D0089B271 /* SettingViewController.swift in Sources */ = {isa = PBXBuildFile; fileRef = 6061A366299DE01D0089B271 /* SettingViewController.swift */; };
		60A606AB29CF2CEA004D72F2 /* ChatTableViewCell.swift in Sources */ = {isa = PBXBuildFile; fileRef = 60A606A929CF2CEA004D72F2 /* ChatTableViewCell.swift */; };
		60A606AC29CF2CEA004D72F2 /* ChatTableViewCell.xib in Resources */ = {isa = PBXBuildFile; fileRef = 60A606AA29CF2CEA004D72F2 /* ChatTableViewCell.xib */; };
		60A606AE29CF365F004D72F2 /* ChatViewController.swift in Sources */ = {isa = PBXBuildFile; fileRef = 60A606AD29CF365F004D72F2 /* ChatViewController.swift */; };
		60A606B129CF38BF004D72F2 /* SlideAnimationController.swift in Sources */ = {isa = PBXBuildFile; fileRef = 60A606B029CF38BF004D72F2 /* SlideAnimationController.swift */; };
		60D70E0B29CC7B9B00E8793B /* SwipeInteractionController.swift in Sources */ = {isa = PBXBuildFile; fileRef = 60D70E0A29CC7B9B00E8793B /* SwipeInteractionController.swift */; };
		60F3A2DB2917EC7900DF9CE2 /* AppDelegate.swift in Sources */ = {isa = PBXBuildFile; fileRef = 60F3A2DA2917EC7900DF9CE2 /* AppDelegate.swift */; };
		60F3A2DD2917EC7900DF9CE2 /* SceneDelegate.swift in Sources */ = {isa = PBXBuildFile; fileRef = 60F3A2DC2917EC7900DF9CE2 /* SceneDelegate.swift */; };
		60F3A2E42917EC7A00DF9CE2 /* Assets.xcassets in Resources */ = {isa = PBXBuildFile; fileRef = 60F3A2E32917EC7A00DF9CE2 /* Assets.xcassets */; };
		7704CB2929CC642F00707B57 /* PetCard.swift in Sources */ = {isa = PBXBuildFile; fileRef = 7704CB1229CC642F00707B57 /* PetCard.swift */; };
		7704CB2A29CC642F00707B57 /* RevealViewController.swift in Sources */ = {isa = PBXBuildFile; fileRef = 7704CB1529CC642F00707B57 /* RevealViewController.swift */; };
		7704CB2B29CC642F00707B57 /* CardViewController.swift in Sources */ = {isa = PBXBuildFile; fileRef = 7704CB1629CC642F00707B57 /* CardViewController.swift */; };
		7704CB2C29CC642F00707B57 /* PageViewController.swift in Sources */ = {isa = PBXBuildFile; fileRef = 7704CB1729CC642F00707B57 /* PageViewController.swift */; };
		7704CB2D29CC642F00707B57 /* FlipPresentAnimationController.swift in Sources */ = {isa = PBXBuildFile; fileRef = 7704CB1929CC642F00707B57 /* FlipPresentAnimationController.swift */; };
		7704CB2E29CC642F00707B57 /* FlipDismissAnimationController.swift in Sources */ = {isa = PBXBuildFile; fileRef = 7704CB1A29CC642F00707B57 /* FlipDismissAnimationController.swift */; };
		7704CB2F29CC642F00707B57 /* StoryboardSupport.swift in Sources */ = {isa = PBXBuildFile; fileRef = 7704CB1C29CC642F00707B57 /* StoryboardSupport.swift */; };
		7704CB3029CC642F00707B57 /* AnimationHelper.swift in Sources */ = {isa = PBXBuildFile; fileRef = 7704CB1D29CC642F00707B57 /* AnimationHelper.swift */; };
		7704CB3429CC642F00707B57 /* PetCardStore.swift in Sources */ = {isa = PBXBuildFile; fileRef = 7704CB2329CC642F00707B57 /* PetCardStore.swift */; };
		7704CB3529CC642F00707B57 /* Pets.plist in Resources */ = {isa = PBXBuildFile; fileRef = 7704CB2429CC642F00707B57 /* Pets.plist */; };
		7704CB3629CC642F00707B57 /* Main.storyboard in Resources */ = {isa = PBXBuildFile; fileRef = 7704CB2629CC642F00707B57 /* Main.storyboard */; };
		7704CB3D29CC677A00707B57 /* Launch Screen.storyboard in Resources */ = {isa = PBXBuildFile; fileRef = 7704CB3C29CC677A00707B57 /* Launch Screen.storyboard */; };
		9BDDB201CAF1E80D02C81F70 /* Pods_my_swift.framework in Frameworks */ = {isa = PBXBuildFile; fileRef = D66E3E1AE7B5D36DE4F38F95 /* Pods_my_swift.framework */; };
/* End PBXBuildFile section */

/* Begin PBXFileReference section */
		509F10843E23559D97FB2C20 /* Pods-my_swift.release.xcconfig */ = {isa = PBXFileReference; includeInIndex = 1; lastKnownFileType = text.xcconfig; name = "Pods-my_swift.release.xcconfig"; path = "Target Support Files/Pods-my_swift/Pods-my_swift.release.xcconfig"; sourceTree = "<group>"; };
		602A5B1F299F6624004BFA4A /* EnumTest.swift */ = {isa = PBXFileReference; lastKnownFileType = sourcecode.swift; path = EnumTest.swift; sourceTree = "<group>"; };
		602A5B48299F6AD3004BFA4A /* AppDelegate.swift */ = {isa = PBXFileReference; lastKnownFileType = sourcecode.swift; path = AppDelegate.swift; sourceTree = "<group>"; };
		602A5B4A299F6AD3004BFA4A /* SceneDelegate.swift */ = {isa = PBXFileReference; lastKnownFileType = sourcecode.swift; path = SceneDelegate.swift; sourceTree = "<group>"; };
		602A5B4C299F6AD3004BFA4A /* ViewController.swift */ = {isa = PBXFileReference; lastKnownFileType = sourcecode.swift; path = ViewController.swift; sourceTree = "<group>"; };
		602A5B4F299F6AD3004BFA4A /* Base */ = {isa = PBXFileReference; lastKnownFileType = file.storyboard; name = Base; path = Base.lproj/Main.storyboard; sourceTree = "<group>"; };
		602A5B51299F6AD5004BFA4A /* Assets.xcassets */ = {isa = PBXFileReference; lastKnownFileType = folder.assetcatalog; path = Assets.xcassets; sourceTree = "<group>"; };
		602A5B54299F6AD5004BFA4A /* Base */ = {isa = PBXFileReference; lastKnownFileType = file.storyboard; name = Base; path = Base.lproj/LaunchScreen.storyboard; sourceTree = "<group>"; };
		602A5B56299F6AD5004BFA4A /* Info.plist */ = {isa = PBXFileReference; lastKnownFileType = text.plist.xml; path = Info.plist; sourceTree = "<group>"; };
		602A5B69299F6BC0004BFA4A /* Session.swift */ = {isa = PBXFileReference; fileEncoding = 4; lastKnownFileType = sourcecode.swift; path = Session.swift; sourceTree = "<group>"; };
		602A5B6A299F6BC0004BFA4A /* NetworkReachabilityManager.swift */ = {isa = PBXFileReference; fileEncoding = 4; lastKnownFileType = sourcecode.swift; path = NetworkReachabilityManager.swift; sourceTree = "<group>"; };
		602A5B6B299F6BC0004BFA4A /* Alamofire.swift */ = {isa = PBXFileReference; fileEncoding = 4; lastKnownFileType = sourcecode.swift; path = Alamofire.swift; sourceTree = "<group>"; };
		602A5B6C299F6BC0004BFA4A /* HTTPMethod.swift */ = {isa = PBXFileReference; fileEncoding = 4; lastKnownFileType = sourcecode.swift; path = HTTPMethod.swift; sourceTree = "<group>"; };
		6061A35D299DD98A0089B271 /* TabbarController.swift */ = {isa = PBXFileReference; lastKnownFileType = sourcecode.swift; path = TabbarController.swift; sourceTree = "<group>"; };
		6061A361299DD9DB0089B271 /* NavigationController.swift */ = {isa = PBXFileReference; lastKnownFileType = sourcecode.swift; path = NavigationController.swift; sourceTree = "<group>"; };
		6061A364299DE00C0089B271 /* HomeViewController.swift */ = {isa = PBXFileReference; lastKnownFileType = sourcecode.swift; path = HomeViewController.swift; sourceTree = "<group>"; };
		6061A366299DE01D0089B271 /* SettingViewController.swift */ = {isa = PBXFileReference; lastKnownFileType = sourcecode.swift; path = SettingViewController.swift; sourceTree = "<group>"; };
		60A606A529CF2AD0004D72F2 /* studySwift.playground */ = {isa = PBXFileReference; lastKnownFileType = file.playground; path = studySwift.playground; sourceTree = "<group>"; };
		60A606A629CF2AD0004D72F2 /* MyPlayground.playground */ = {isa = PBXFileReference; lastKnownFileType = file.playground; path = MyPlayground.playground; sourceTree = "<group>"; };
		60A606A929CF2CEA004D72F2 /* ChatTableViewCell.swift */ = {isa = PBXFileReference; lastKnownFileType = sourcecode.swift; path = ChatTableViewCell.swift; sourceTree = "<group>"; };
		60A606AA29CF2CEA004D72F2 /* ChatTableViewCell.xib */ = {isa = PBXFileReference; lastKnownFileType = file.xib; path = ChatTableViewCell.xib; sourceTree = "<group>"; };
		60A606AD29CF365F004D72F2 /* ChatViewController.swift */ = {isa = PBXFileReference; lastKnownFileType = sourcecode.swift; path = ChatViewController.swift; sourceTree = "<group>"; };
		60A606B029CF38BF004D72F2 /* SlideAnimationController.swift */ = {isa = PBXFileReference; lastKnownFileType = sourcecode.swift; path = SlideAnimationController.swift; sourceTree = "<group>"; };
		60D70E0A29CC7B9B00E8793B /* SwipeInteractionController.swift */ = {isa = PBXFileReference; lastKnownFileType = sourcecode.swift; path = SwipeInteractionController.swift; sourceTree = "<group>"; };
		60F3A2D72917EC7900DF9CE2 /* my_swift.app */ = {isa = PBXFileReference; explicitFileType = wrapper.application; includeInIndex = 0; path = my_swift.app; sourceTree = BUILT_PRODUCTS_DIR; };
		60F3A2DA2917EC7900DF9CE2 /* AppDelegate.swift */ = {isa = PBXFileReference; lastKnownFileType = sourcecode.swift; path = AppDelegate.swift; sourceTree = "<group>"; };
		60F3A2DC2917EC7900DF9CE2 /* SceneDelegate.swift */ = {isa = PBXFileReference; lastKnownFileType = sourcecode.swift; path = SceneDelegate.swift; sourceTree = "<group>"; };
		60F3A2E32917EC7A00DF9CE2 /* Assets.xcassets */ = {isa = PBXFileReference; lastKnownFileType = folder.assetcatalog; path = Assets.xcassets; sourceTree = "<group>"; };
		60F3A2E82917EC7A00DF9CE2 /* Info.plist */ = {isa = PBXFileReference; lastKnownFileType = text.plist.xml; path = Info.plist; sourceTree = "<group>"; };
		7704CB1229CC642F00707B57 /* PetCard.swift */ = {isa = PBXFileReference; fileEncoding = 4; lastKnownFileType = sourcecode.swift; path = PetCard.swift; sourceTree = "<group>"; };
		7704CB1529CC642F00707B57 /* RevealViewController.swift */ = {isa = PBXFileReference; fileEncoding = 4; lastKnownFileType = sourcecode.swift; path = RevealViewController.swift; sourceTree = "<group>"; };
		7704CB1629CC642F00707B57 /* CardViewController.swift */ = {isa = PBXFileReference; fileEncoding = 4; lastKnownFileType = sourcecode.swift; path = CardViewController.swift; sourceTree = "<group>"; };
		7704CB1729CC642F00707B57 /* PageViewController.swift */ = {isa = PBXFileReference; fileEncoding = 4; lastKnownFileType = sourcecode.swift; path = PageViewController.swift; sourceTree = "<group>"; };
		7704CB1929CC642F00707B57 /* FlipPresentAnimationController.swift */ = {isa = PBXFileReference; fileEncoding = 4; lastKnownFileType = sourcecode.swift; path = FlipPresentAnimationController.swift; sourceTree = "<group>"; };
		7704CB1A29CC642F00707B57 /* FlipDismissAnimationController.swift */ = {isa = PBXFileReference; fileEncoding = 4; lastKnownFileType = sourcecode.swift; path = FlipDismissAnimationController.swift; sourceTree = "<group>"; };
		7704CB1C29CC642F00707B57 /* StoryboardSupport.swift */ = {isa = PBXFileReference; fileEncoding = 4; lastKnownFileType = sourcecode.swift; path = StoryboardSupport.swift; sourceTree = "<group>"; };
		7704CB1D29CC642F00707B57 /* AnimationHelper.swift */ = {isa = PBXFileReference; fileEncoding = 4; lastKnownFileType = sourcecode.swift; path = AnimationHelper.swift; sourceTree = "<group>"; };
		7704CB2329CC642F00707B57 /* PetCardStore.swift */ = {isa = PBXFileReference; fileEncoding = 4; lastKnownFileType = sourcecode.swift; path = PetCardStore.swift; sourceTree = "<group>"; };
		7704CB2429CC642F00707B57 /* Pets.plist */ = {isa = PBXFileReference; fileEncoding = 4; lastKnownFileType = text.plist.xml; path = Pets.plist; sourceTree = "<group>"; };
		7704CB2729CC642F00707B57 /* Base */ = {isa = PBXFileReference; lastKnownFileType = file.storyboard; name = Base; path = Base.lproj/Main.storyboard; sourceTree = "<group>"; };
		7704CB3C29CC677A00707B57 /* Launch Screen.storyboard */ = {isa = PBXFileReference; lastKnownFileType = file.storyboard; path = "Launch Screen.storyboard"; sourceTree = "<group>"; };
		BA0A04D162C7B6BFD70D6982 /* Pods-my_swift.debug.xcconfig */ = {isa = PBXFileReference; includeInIndex = 1; lastKnownFileType = text.xcconfig; name = "Pods-my_swift.debug.xcconfig"; path = "Target Support Files/Pods-my_swift/Pods-my_swift.debug.xcconfig"; sourceTree = "<group>"; };
		D66E3E1AE7B5D36DE4F38F95 /* Pods_my_swift.framework */ = {isa = PBXFileReference; explicitFileType = wrapper.framework; includeInIndex = 0; path = Pods_my_swift.framework; sourceTree = BUILT_PRODUCTS_DIR; };
/* End PBXFileReference section */

/* Begin PBXFrameworksBuildPhase section */
		60F3A2D42917EC7900DF9CE2 /* Frameworks */ = {
			isa = PBXFrameworksBuildPhase;
			buildActionMask = 2147483647;
			files = (
				9BDDB201CAF1E80D02C81F70 /* Pods_my_swift.framework in Frameworks */,
			);
			runOnlyForDeploymentPostprocessing = 0;
		};
/* End PBXFrameworksBuildPhase section */

/* Begin PBXGroup section */
		1F33632E168A7C3D63677304 /* Pods */ = {
			isa = PBXGroup;
			children = (
				BA0A04D162C7B6BFD70D6982 /* Pods-my_swift.debug.xcconfig */,
				509F10843E23559D97FB2C20 /* Pods-my_swift.release.xcconfig */,
			);
			path = Pods;
			sourceTree = "<group>";
		};
		602A5B1E299F553E004BFA4A /* GussePet */ = {
			isa = PBXGroup;
			children = (
				7704CB1429CC642F00707B57 /* View controllers */,
				7704CB1829CC642F00707B57 /* Animation controllers */,
				60D70E0929CC7B1A00E8793B /* Interaction controllers */,
				7704CB1B29CC642F00707B57 /* Helpers */,
				7704CB2229CC642F00707B57 /* Data */,
				7704CB1129CC642F00707B57 /* Model */,
			);
			path = GussePet;
			sourceTree = "<group>";
		};
		602A5B47299F6AD3004BFA4A /* my_alamofire */ = {
			isa = PBXGroup;
			children = (
				602A5B6B299F6BC0004BFA4A /* Alamofire.swift */,
				602A5B6C299F6BC0004BFA4A /* HTTPMethod.swift */,
				602A5B6A299F6BC0004BFA4A /* NetworkReachabilityManager.swift */,
				602A5B69299F6BC0004BFA4A /* Session.swift */,
				602A5B48299F6AD3004BFA4A /* AppDelegate.swift */,
				602A5B4A299F6AD3004BFA4A /* SceneDelegate.swift */,
				602A5B4C299F6AD3004BFA4A /* ViewController.swift */,
				602A5B4E299F6AD3004BFA4A /* Main.storyboard */,
				602A5B51299F6AD5004BFA4A /* Assets.xcassets */,
				602A5B53299F6AD5004BFA4A /* LaunchScreen.storyboard */,
				602A5B56299F6AD5004BFA4A /* Info.plist */,
			);
			path = my_alamofire;
			sourceTree = "<group>";
		};
		6061A363299DDFF00089B271 /* Module */ = {
			isa = PBXGroup;
			children = (
				60A606A329CF2851004D72F2 /* Setting */,
				60A606A229CF2847004D72F2 /* Home */,
				602A5B1E299F553E004BFA4A /* GussePet */,
			);
			path = Module;
			sourceTree = "<group>";
		};
		60A6069F29CF27DD004D72F2 /* RootVC */ = {
			isa = PBXGroup;
			children = (
				60A606AF29CF38A7004D72F2 /* AnimationController */,
				6061A35D299DD98A0089B271 /* TabbarController.swift */,
				6061A361299DD9DB0089B271 /* NavigationController.swift */,
			);
			path = RootVC;
			sourceTree = "<group>";
		};
		60A606A129CF281D004D72F2 /* Others */ = {
			isa = PBXGroup;
			children = (
				602A5B1F299F6624004BFA4A /* EnumTest.swift */,
			);
			path = Others;
			sourceTree = "<group>";
		};
		60A606A229CF2847004D72F2 /* Home */ = {
			isa = PBXGroup;
			children = (
				60A606A829CF2CC2004D72F2 /* VC */,
				60A606A729CF2CBB004D72F2 /* View */,
			);
			path = Home;
			sourceTree = "<group>";
		};
		60A606A329CF2851004D72F2 /* Setting */ = {
			isa = PBXGroup;
			children = (
				6061A366299DE01D0089B271 /* SettingViewController.swift */,
			);
			path = Setting;
			sourceTree = "<group>";
		};
		60A606A429CF2AD0004D72F2 /* Playgrounds */ = {
			isa = PBXGroup;
			children = (
				60A606A529CF2AD0004D72F2 /* studySwift.playground */,
				60A606A629CF2AD0004D72F2 /* MyPlayground.playground */,
			);
			path = Playgrounds;
			sourceTree = "<group>";
		};
		60A606A729CF2CBB004D72F2 /* View */ = {
			isa = PBXGroup;
			children = (
				60A606A929CF2CEA004D72F2 /* ChatTableViewCell.swift */,
				60A606AA29CF2CEA004D72F2 /* ChatTableViewCell.xib */,
			);
			path = View;
			sourceTree = "<group>";
		};
		60A606A829CF2CC2004D72F2 /* VC */ = {
			isa = PBXGroup;
			children = (
				6061A364299DE00C0089B271 /* HomeViewController.swift */,
				60A606AD29CF365F004D72F2 /* ChatViewController.swift */,
			);
			path = VC;
			sourceTree = "<group>";
		};
		60A606AF29CF38A7004D72F2 /* AnimationController */ = {
			isa = PBXGroup;
			children = (
				60A606B029CF38BF004D72F2 /* SlideAnimationController.swift */,
			);
			path = AnimationController;
			sourceTree = "<group>";
		};
		60D70E0929CC7B1A00E8793B /* Interaction controllers */ = {
			isa = PBXGroup;
			children = (
				60D70E0A29CC7B9B00E8793B /* SwipeInteractionController.swift */,
			);
			path = "Interaction controllers";
			sourceTree = "<group>";
		};
		60F3A2CE2917EC7900DF9CE2 = {
			isa = PBXGroup;
			children = (
				60A606A429CF2AD0004D72F2 /* Playgrounds */,
				60F3A2D92917EC7900DF9CE2 /* Swift_Play */,
				602A5B47299F6AD3004BFA4A /* my_alamofire */,
				60F3A2D82917EC7900DF9CE2 /* Products */,
				1F33632E168A7C3D63677304 /* Pods */,
				E68D646AC13FDAE8B76BDD2A /* Frameworks */,
			);
			sourceTree = "<group>";
		};
		60F3A2D82917EC7900DF9CE2 /* Products */ = {
			isa = PBXGroup;
			children = (
				60F3A2D72917EC7900DF9CE2 /* my_swift.app */,
			);
			name = Products;
			sourceTree = "<group>";
		};
		60F3A2D92917EC7900DF9CE2 /* Swift_Play */ = {
			isa = PBXGroup;
			children = (
				60A606A129CF281D004D72F2 /* Others */,
				60A6069F29CF27DD004D72F2 /* RootVC */,
				6061A363299DDFF00089B271 /* Module */,
				7704CB2529CC642F00707B57 /* UI */,
				7704CB3829CC653D00707B57 /* Bundle Files */,
			);
			path = Swift_Play;
			sourceTree = "<group>";
		};
		7704CB1129CC642F00707B57 /* Model */ = {
			isa = PBXGroup;
			children = (
				7704CB1229CC642F00707B57 /* PetCard.swift */,
			);
			path = Model;
			sourceTree = "<group>";
		};
		7704CB1429CC642F00707B57 /* View controllers */ = {
			isa = PBXGroup;
			children = (
				7704CB1529CC642F00707B57 /* RevealViewController.swift */,
				7704CB1629CC642F00707B57 /* CardViewController.swift */,
				7704CB1729CC642F00707B57 /* PageViewController.swift */,
			);
			path = "View controllers";
			sourceTree = "<group>";
		};
		7704CB1829CC642F00707B57 /* Animation controllers */ = {
			isa = PBXGroup;
			children = (
				7704CB1929CC642F00707B57 /* FlipPresentAnimationController.swift */,
				7704CB1A29CC642F00707B57 /* FlipDismissAnimationController.swift */,
			);
			path = "Animation controllers";
			sourceTree = "<group>";
		};
		7704CB1B29CC642F00707B57 /* Helpers */ = {
			isa = PBXGroup;
			children = (
				7704CB1C29CC642F00707B57 /* StoryboardSupport.swift */,
				7704CB1D29CC642F00707B57 /* AnimationHelper.swift */,
			);
			path = Helpers;
			sourceTree = "<group>";
		};
		7704CB2229CC642F00707B57 /* Data */ = {
			isa = PBXGroup;
			children = (
				7704CB2329CC642F00707B57 /* PetCardStore.swift */,
				7704CB2429CC642F00707B57 /* Pets.plist */,
			);
			path = Data;
			sourceTree = "<group>";
		};
		7704CB2529CC642F00707B57 /* UI */ = {
			isa = PBXGroup;
			children = (
				7704CB2629CC642F00707B57 /* Main.storyboard */,
				7704CB3C29CC677A00707B57 /* Launch Screen.storyboard */,
			);
			path = UI;
			sourceTree = "<group>";
		};
		7704CB3829CC653D00707B57 /* Bundle Files */ = {
			isa = PBXGroup;
			children = (
				60F3A2DA2917EC7900DF9CE2 /* AppDelegate.swift */,
				60F3A2DC2917EC7900DF9CE2 /* SceneDelegate.swift */,
				60F3A2E32917EC7A00DF9CE2 /* Assets.xcassets */,
				60F3A2E82917EC7A00DF9CE2 /* Info.plist */,
			);
			path = "Bundle Files";
			sourceTree = "<group>";
		};
		E68D646AC13FDAE8B76BDD2A /* Frameworks */ = {
			isa = PBXGroup;
			children = (
				D66E3E1AE7B5D36DE4F38F95 /* Pods_my_swift.framework */,
			);
			name = Frameworks;
			sourceTree = "<group>";
		};
/* End PBXGroup section */

/* Begin PBXNativeTarget section */
		60F3A2D62917EC7900DF9CE2 /* my_swift */ = {
			isa = PBXNativeTarget;
			buildConfigurationList = 60F3A2EB2917EC7A00DF9CE2 /* Build configuration list for PBXNativeTarget "my_swift" */;
			buildPhases = (
				E1EDFDD8053D647E0F874E03 /* [CP] Check Pods Manifest.lock */,
				60F3A2D32917EC7900DF9CE2 /* Sources */,
				60F3A2D42917EC7900DF9CE2 /* Frameworks */,
				60F3A2D52917EC7900DF9CE2 /* Resources */,
				642D4B3A6F01C275E39E822A /* [CP] Embed Pods Frameworks */,
			);
			buildRules = (
			);
			dependencies = (
			);
			name = my_swift;
			productName = my_swift;
			productReference = 60F3A2D72917EC7900DF9CE2 /* my_swift.app */;
			productType = "com.apple.product-type.application";
		};
/* End PBXNativeTarget section */

/* Begin PBXProject section */
		60F3A2CF2917EC7900DF9CE2 /* Project object */ = {
			isa = PBXProject;
			attributes = {
				BuildIndependentTargetsInParallel = 1;
				LastSwiftUpdateCheck = 1410;
				LastUpgradeCheck = 1400;
				TargetAttributes = {
					60F3A2D62917EC7900DF9CE2 = {
						CreatedOnToolsVersion = 14.0.1;
					};
				};
			};
			buildConfigurationList = 60F3A2D22917EC7900DF9CE2 /* Build configuration list for PBXProject "my_swift" */;
			compatibilityVersion = "Xcode 14.0";
			developmentRegion = en;
			hasScannedForEncodings = 0;
			knownRegions = (
				en,
				Base,
			);
			mainGroup = 60F3A2CE2917EC7900DF9CE2;
			productRefGroup = 60F3A2D82917EC7900DF9CE2 /* Products */;
			projectDirPath = "";
			projectRoot = "";
			targets = (
				60F3A2D62917EC7900DF9CE2 /* my_swift */,
			);
		};
/* End PBXProject section */

/* Begin PBXResourcesBuildPhase section */
		60F3A2D52917EC7900DF9CE2 /* Resources */ = {
			isa = PBXResourcesBuildPhase;
			buildActionMask = 2147483647;
			files = (
				7704CB3629CC642F00707B57 /* Main.storyboard in Resources */,
				60F3A2E42917EC7A00DF9CE2 /* Assets.xcassets in Resources */,
				60A606AC29CF2CEA004D72F2 /* ChatTableViewCell.xib in Resources */,
				7704CB3D29CC677A00707B57 /* Launch Screen.storyboard in Resources */,
				7704CB3529CC642F00707B57 /* Pets.plist in Resources */,
			);
			runOnlyForDeploymentPostprocessing = 0;
		};
/* End PBXResourcesBuildPhase section */

/* Begin PBXShellScriptBuildPhase section */
		642D4B3A6F01C275E39E822A /* [CP] Embed Pods Frameworks */ = {
			isa = PBXShellScriptBuildPhase;
			buildActionMask = 2147483647;
			files = (
			);
			inputFileListPaths = (
				"${PODS_ROOT}/Target Support Files/Pods-my_swift/Pods-my_swift-frameworks-${CONFIGURATION}-input-files.xcfilelist",
			);
			name = "[CP] Embed Pods Frameworks";
			outputFileListPaths = (
				"${PODS_ROOT}/Target Support Files/Pods-my_swift/Pods-my_swift-frameworks-${CONFIGURATION}-output-files.xcfilelist",
			);
			runOnlyForDeploymentPostprocessing = 0;
			shellPath = /bin/sh;
			shellScript = "\"${PODS_ROOT}/Target Support Files/Pods-my_swift/Pods-my_swift-frameworks.sh\"\n";
			showEnvVarsInLog = 0;
		};
		E1EDFDD8053D647E0F874E03 /* [CP] Check Pods Manifest.lock */ = {
			isa = PBXShellScriptBuildPhase;
			buildActionMask = 2147483647;
			files = (
			);
			inputFileListPaths = (
			);
			inputPaths = (
				"${PODS_PODFILE_DIR_PATH}/Podfile.lock",
				"${PODS_ROOT}/Manifest.lock",
			);
			name = "[CP] Check Pods Manifest.lock";
			outputFileListPaths = (
			);
			outputPaths = (
				"$(DERIVED_FILE_DIR)/Pods-my_swift-checkManifestLockResult.txt",
			);
			runOnlyForDeploymentPostprocessing = 0;
			shellPath = /bin/sh;
			shellScript = "diff \"${PODS_PODFILE_DIR_PATH}/Podfile.lock\" \"${PODS_ROOT}/Manifest.lock\" > /dev/null\nif [ $? != 0 ] ; then\n    # print error to STDERR\n    echo \"error: The sandbox is not in sync with the Podfile.lock. Run 'pod install' or update your CocoaPods installation.\" >&2\n    exit 1\nfi\n# This output is used by Xcode 'outputs' to avoid re-running this script phase.\necho \"SUCCESS\" > \"${SCRIPT_OUTPUT_FILE_0}\"\n";
			showEnvVarsInLog = 0;
		};
/* End PBXShellScriptBuildPhase section */

/* Begin PBXSourcesBuildPhase section */
		60F3A2D32917EC7900DF9CE2 /* Sources */ = {
			isa = PBXSourcesBuildPhase;
			buildActionMask = 2147483647;
			files = (
				7704CB2E29CC642F00707B57 /* FlipDismissAnimationController.swift in Sources */,
				602A5B6E299F6BC0004BFA4A /* NetworkReachabilityManager.swift in Sources */,
				6061A367299DE01D0089B271 /* SettingViewController.swift in Sources */,
				602A5B20299F6624004BFA4A /* EnumTest.swift in Sources */,
				60A606B129CF38BF004D72F2 /* SlideAnimationController.swift in Sources */,
				6061A35E299DD98A0089B271 /* TabbarController.swift in Sources */,
				60A606AB29CF2CEA004D72F2 /* ChatTableViewCell.swift in Sources */,
				6061A362299DD9DB0089B271 /* NavigationController.swift in Sources */,
				6061A365299DE00C0089B271 /* HomeViewController.swift in Sources */,
				60F3A2DB2917EC7900DF9CE2 /* AppDelegate.swift in Sources */,
				7704CB2B29CC642F00707B57 /* CardViewController.swift in Sources */,
				602A5B70299F6BC0004BFA4A /* HTTPMethod.swift in Sources */,
				7704CB2F29CC642F00707B57 /* StoryboardSupport.swift in Sources */,
				7704CB3029CC642F00707B57 /* AnimationHelper.swift in Sources */,
				7704CB2D29CC642F00707B57 /* FlipPresentAnimationController.swift in Sources */,
				602A5B6F299F6BC0004BFA4A /* Alamofire.swift in Sources */,
				7704CB2929CC642F00707B57 /* PetCard.swift in Sources */,
				60A606AE29CF365F004D72F2 /* ChatViewController.swift in Sources */,
				60F3A2DD2917EC7900DF9CE2 /* SceneDelegate.swift in Sources */,
				7704CB3429CC642F00707B57 /* PetCardStore.swift in Sources */,
				602A5B6D299F6BC0004BFA4A /* Session.swift in Sources */,
				7704CB2A29CC642F00707B57 /* RevealViewController.swift in Sources */,
				60D70E0B29CC7B9B00E8793B /* SwipeInteractionController.swift in Sources */,
				7704CB2C29CC642F00707B57 /* PageViewController.swift in Sources */,
			);
			runOnlyForDeploymentPostprocessing = 0;
		};
/* End PBXSourcesBuildPhase section */

/* Begin PBXVariantGroup section */
		602A5B4E299F6AD3004BFA4A /* Main.storyboard */ = {
			isa = PBXVariantGroup;
			children = (
				602A5B4F299F6AD3004BFA4A /* Base */,
			);
			name = Main.storyboard;
			sourceTree = "<group>";
		};
		602A5B53299F6AD5004BFA4A /* LaunchScreen.storyboard */ = {
			isa = PBXVariantGroup;
			children = (
				602A5B54299F6AD5004BFA4A /* Base */,
			);
			name = LaunchScreen.storyboard;
			sourceTree = "<group>";
		};
		7704CB2629CC642F00707B57 /* Main.storyboard */ = {
			isa = PBXVariantGroup;
			children = (
				7704CB2729CC642F00707B57 /* Base */,
			);
			name = Main.storyboard;
			sourceTree = "<group>";
		};
/* End PBXVariantGroup section */

/* Begin XCBuildConfiguration section */
		60F3A2E92917EC7A00DF9CE2 /* Debug */ = {
			isa = XCBuildConfiguration;
			buildSettings = {
				ALWAYS_SEARCH_USER_PATHS = NO;
				CLANG_ANALYZER_NONNULL = YES;
				CLANG_ANALYZER_NUMBER_OBJECT_CONVERSION = YES_AGGRESSIVE;
				CLANG_CXX_LANGUAGE_STANDARD = "gnu++20";
				CLANG_ENABLE_MODULES = YES;
				CLANG_ENABLE_OBJC_ARC = YES;
				CLANG_ENABLE_OBJC_WEAK = YES;
				CLANG_WARN_BLOCK_CAPTURE_AUTORELEASING = YES;
				CLANG_WARN_BOOL_CONVERSION = YES;
				CLANG_WARN_COMMA = YES;
				CLANG_WARN_CONSTANT_CONVERSION = YES;
				CLANG_WARN_DEPRECATED_OBJC_IMPLEMENTATIONS = YES;
				CLANG_WARN_DIRECT_OBJC_ISA_USAGE = YES_ERROR;
				CLANG_WARN_DOCUMENTATION_COMMENTS = YES;
				CLANG_WARN_EMPTY_BODY = YES;
				CLANG_WARN_ENUM_CONVERSION = YES;
				CLANG_WARN_INFINITE_RECURSION = YES;
				CLANG_WARN_INT_CONVERSION = YES;
				CLANG_WARN_NON_LITERAL_NULL_CONVERSION = YES;
				CLANG_WARN_OBJC_IMPLICIT_RETAIN_SELF = YES;
				CLANG_WARN_OBJC_LITERAL_CONVERSION = YES;
				CLANG_WARN_OBJC_ROOT_CLASS = YES_ERROR;
				CLANG_WARN_QUOTED_INCLUDE_IN_FRAMEWORK_HEADER = YES;
				CLANG_WARN_RANGE_LOOP_ANALYSIS = YES;
				CLANG_WARN_STRICT_PROTOTYPES = YES;
				CLANG_WARN_SUSPICIOUS_MOVE = YES;
				CLANG_WARN_UNGUARDED_AVAILABILITY = YES_AGGRESSIVE;
				CLANG_WARN_UNREACHABLE_CODE = YES;
				CLANG_WARN__DUPLICATE_METHOD_MATCH = YES;
				COPY_PHASE_STRIP = NO;
				DEBUG_INFORMATION_FORMAT = dwarf;
				ENABLE_STRICT_OBJC_MSGSEND = YES;
				ENABLE_TESTABILITY = YES;
				GCC_C_LANGUAGE_STANDARD = gnu11;
				GCC_DYNAMIC_NO_PIC = NO;
				GCC_NO_COMMON_BLOCKS = YES;
				GCC_OPTIMIZATION_LEVEL = 0;
				GCC_PREPROCESSOR_DEFINITIONS = (
					"DEBUG=1",
					"$(inherited)",
				);
				GCC_WARN_64_TO_32_BIT_CONVERSION = YES;
				GCC_WARN_ABOUT_RETURN_TYPE = YES_ERROR;
				GCC_WARN_UNDECLARED_SELECTOR = YES;
				GCC_WARN_UNINITIALIZED_AUTOS = YES_AGGRESSIVE;
				GCC_WARN_UNUSED_FUNCTION = YES;
				GCC_WARN_UNUSED_VARIABLE = YES;
				IPHONEOS_DEPLOYMENT_TARGET = 16.0;
				MTL_ENABLE_DEBUG_INFO = INCLUDE_SOURCE;
				MTL_FAST_MATH = YES;
				ONLY_ACTIVE_ARCH = YES;
				SDKROOT = iphoneos;
				SWIFT_ACTIVE_COMPILATION_CONDITIONS = DEBUG;
				SWIFT_OPTIMIZATION_LEVEL = "-Onone";
			};
			name = Debug;
		};
		60F3A2EA2917EC7A00DF9CE2 /* Release */ = {
			isa = XCBuildConfiguration;
			buildSettings = {
				ALWAYS_SEARCH_USER_PATHS = NO;
				CLANG_ANALYZER_NONNULL = YES;
				CLANG_ANALYZER_NUMBER_OBJECT_CONVERSION = YES_AGGRESSIVE;
				CLANG_CXX_LANGUAGE_STANDARD = "gnu++20";
				CLANG_ENABLE_MODULES = YES;
				CLANG_ENABLE_OBJC_ARC = YES;
				CLANG_ENABLE_OBJC_WEAK = YES;
				CLANG_WARN_BLOCK_CAPTURE_AUTORELEASING = YES;
				CLANG_WARN_BOOL_CONVERSION = YES;
				CLANG_WARN_COMMA = YES;
				CLANG_WARN_CONSTANT_CONVERSION = YES;
				CLANG_WARN_DEPRECATED_OBJC_IMPLEMENTATIONS = YES;
				CLANG_WARN_DIRECT_OBJC_ISA_USAGE = YES_ERROR;
				CLANG_WARN_DOCUMENTATION_COMMENTS = YES;
				CLANG_WARN_EMPTY_BODY = YES;
				CLANG_WARN_ENUM_CONVERSION = YES;
				CLANG_WARN_INFINITE_RECURSION = YES;
				CLANG_WARN_INT_CONVERSION = YES;
				CLANG_WARN_NON_LITERAL_NULL_CONVERSION = YES;
				CLANG_WARN_OBJC_IMPLICIT_RETAIN_SELF = YES;
				CLANG_WARN_OBJC_LITERAL_CONVERSION = YES;
				CLANG_WARN_OBJC_ROOT_CLASS = YES_ERROR;
				CLANG_WARN_QUOTED_INCLUDE_IN_FRAMEWORK_HEADER = YES;
				CLANG_WARN_RANGE_LOOP_ANALYSIS = YES;
				CLANG_WARN_STRICT_PROTOTYPES = YES;
				CLANG_WARN_SUSPICIOUS_MOVE = YES;
				CLANG_WARN_UNGUARDED_AVAILABILITY = YES_AGGRESSIVE;
				CLANG_WARN_UNREACHABLE_CODE = YES;
				CLANG_WARN__DUPLICATE_METHOD_MATCH = YES;
				COPY_PHASE_STRIP = NO;
				DEBUG_INFORMATION_FORMAT = "dwarf-with-dsym";
				ENABLE_NS_ASSERTIONS = NO;
				ENABLE_STRICT_OBJC_MSGSEND = YES;
				GCC_C_LANGUAGE_STANDARD = gnu11;
				GCC_NO_COMMON_BLOCKS = YES;
				GCC_WARN_64_TO_32_BIT_CONVERSION = YES;
				GCC_WARN_ABOUT_RETURN_TYPE = YES_ERROR;
				GCC_WARN_UNDECLARED_SELECTOR = YES;
				GCC_WARN_UNINITIALIZED_AUTOS = YES_AGGRESSIVE;
				GCC_WARN_UNUSED_FUNCTION = YES;
				GCC_WARN_UNUSED_VARIABLE = YES;
				IPHONEOS_DEPLOYMENT_TARGET = 16.0;
				MTL_ENABLE_DEBUG_INFO = NO;
				MTL_FAST_MATH = YES;
				SDKROOT = iphoneos;
				SWIFT_COMPILATION_MODE = wholemodule;
				SWIFT_OPTIMIZATION_LEVEL = "-O";
				VALIDATE_PRODUCT = YES;
			};
			name = Release;
		};
		60F3A2EC2917EC7A00DF9CE2 /* Debug */ = {
			isa = XCBuildConfiguration;
			baseConfigurationReference = BA0A04D162C7B6BFD70D6982 /* Pods-my_swift.debug.xcconfig */;
			buildSettings = {
				ASSETCATALOG_COMPILER_APPICON_NAME = AppIcon;
				ASSETCATALOG_COMPILER_GLOBAL_ACCENT_COLOR_NAME = AccentColor;
				CODE_SIGN_STYLE = Automatic;
				CURRENT_PROJECT_VERSION = 1;
				DEVELOPMENT_TEAM = RVP44R23N8;
				GENERATE_INFOPLIST_FILE = YES;
				INFOPLIST_FILE = "Swift_Play/Bundle Files/Info.plist";
				INFOPLIST_KEY_CFBundleDisplayName = PlaySwift;
				INFOPLIST_KEY_UIApplicationSupportsIndirectInputEvents = YES;
				INFOPLIST_KEY_UILaunchStoryboardName = "Launch Screen";
				INFOPLIST_KEY_UIMainStoryboardFile = Main;
				INFOPLIST_KEY_UIStatusBarStyle = "";
				INFOPLIST_KEY_UISupportedInterfaceOrientations_iPad = "UIInterfaceOrientationPortrait UIInterfaceOrientationPortraitUpsideDown UIInterfaceOrientationLandscapeLeft UIInterfaceOrientationLandscapeRight";
				INFOPLIST_KEY_UISupportedInterfaceOrientations_iPhone = "UIInterfaceOrientationPortrait UIInterfaceOrientationLandscapeLeft UIInterfaceOrientationLandscapeRight";
				INFOPLIST_KEY_UIUserInterfaceStyle = Light;
				LD_RUNPATH_SEARCH_PATHS = (
					"$(inherited)",
					"@executable_path/Frameworks",
				);
				MARKETING_VERSION = 1.0;
				PRODUCT_BUNDLE_IDENTIFIER = "com.renren.swift.my-swift";
				PRODUCT_NAME = "$(TARGET_NAME)";
				SWIFT_EMIT_LOC_STRINGS = YES;
				SWIFT_VERSION = 5.0;
				TARGETED_DEVICE_FAMILY = "1,2";
			};
			name = Debug;
		};
		60F3A2ED2917EC7A00DF9CE2 /* Release */ = {
			isa = XCBuildConfiguration;
			baseConfigurationReference = 509F10843E23559D97FB2C20 /* Pods-my_swift.release.xcconfig */;
			buildSettings = {
				ASSETCATALOG_COMPILER_APPICON_NAME = AppIcon;
				ASSETCATALOG_COMPILER_GLOBAL_ACCENT_COLOR_NAME = AccentColor;
				CODE_SIGN_STYLE = Automatic;
				CURRENT_PROJECT_VERSION = 1;
				DEVELOPMENT_TEAM = RVP44R23N8;
				GENERATE_INFOPLIST_FILE = YES;
				INFOPLIST_FILE = "Swift_Play/Bundle Files/Info.plist";
				INFOPLIST_KEY_CFBundleDisplayName = PlaySwift;
				INFOPLIST_KEY_UIApplicationSupportsIndirectInputEvents = YES;
				INFOPLIST_KEY_UILaunchStoryboardName = "Launch Screen";
				INFOPLIST_KEY_UIMainStoryboardFile = Main;
				INFOPLIST_KEY_UIStatusBarStyle = "";
				INFOPLIST_KEY_UISupportedInterfaceOrientations_iPad = "UIInterfaceOrientationPortrait UIInterfaceOrientationPortraitUpsideDown UIInterfaceOrientationLandscapeLeft UIInterfaceOrientationLandscapeRight";
				INFOPLIST_KEY_UISupportedInterfaceOrientations_iPhone = "UIInterfaceOrientationPortrait UIInterfaceOrientationLandscapeLeft UIInterfaceOrientationLandscapeRight";
				INFOPLIST_KEY_UIUserInterfaceStyle = Light;
				LD_RUNPATH_SEARCH_PATHS = (
					"$(inherited)",
					"@executable_path/Frameworks",
				);
				MARKETING_VERSION = 1.0;
				PRODUCT_BUNDLE_IDENTIFIER = "com.renren.swift.my-swift";
				PRODUCT_NAME = "$(TARGET_NAME)";
				SWIFT_EMIT_LOC_STRINGS = YES;
				SWIFT_VERSION = 5.0;
				TARGETED_DEVICE_FAMILY = "1,2";
			};
			name = Release;
		};
/* End XCBuildConfiguration section */

/* Begin XCConfigurationList section */
		60F3A2D22917EC7900DF9CE2 /* Build configuration list for PBXProject "my_swift" */ = {
			isa = XCConfigurationList;
			buildConfigurations = (
				60F3A2E92917EC7A00DF9CE2 /* Debug */,
				60F3A2EA2917EC7A00DF9CE2 /* Release */,
			);
			defaultConfigurationIsVisible = 0;
			defaultConfigurationName = Release;
		};
		60F3A2EB2917EC7A00DF9CE2 /* Build configuration list for PBXNativeTarget "my_swift" */ = {
			isa = XCConfigurationList;
			buildConfigurations = (
				60F3A2EC2917EC7A00DF9CE2 /* Debug */,
				60F3A2ED2917EC7A00DF9CE2 /* Release */,
			);
			defaultConfigurationIsVisible = 0;
			defaultConfigurationName = Release;
		};
/* End XCConfigurationList section */
	};
	rootObject = 60F3A2CF2917EC7900DF9CE2 /* Project object */;
}
